// !$*UTF8*$!
{
	archiveVersion = 1;
	classes = {
	};
	objectVersion = 50;
	objects = {

/* Begin PBXBuildFile section */
		92D67C31241902A300B620FD /* HighlightsViewController.swift in Sources */ = {isa = PBXBuildFile; fileRef = 92D67C30241902A300B620FD /* HighlightsViewController.swift */; };
		92D67C3C241914A000B620FD /* HighlightsFeaturedCell.swift in Sources */ = {isa = PBXBuildFile; fileRef = 92D67C3A241914A000B620FD /* HighlightsFeaturedCell.swift */; };
		92D67C3D241914A000B620FD /* HighlightsFeaturedCell.xib in Resources */ = {isa = PBXBuildFile; fileRef = 92D67C3B241914A000B620FD /* HighlightsFeaturedCell.xib */; };
		92D67C402419184E00B620FD /* HighlightsFeaturedCollectionViewCell.swift in Sources */ = {isa = PBXBuildFile; fileRef = 92D67C3E2419184E00B620FD /* HighlightsFeaturedCollectionViewCell.swift */; };
		92D67C412419184E00B620FD /* HighlightsFeaturedCollectionViewCell.xib in Resources */ = {isa = PBXBuildFile; fileRef = 92D67C3F2419184E00B620FD /* HighlightsFeaturedCollectionViewCell.xib */; };
		92D8E0DF2418C0B700B7B13A /* AppDelegate.swift in Sources */ = {isa = PBXBuildFile; fileRef = 92D8E0DE2418C0B700B7B13A /* AppDelegate.swift */; };
		92D8E0E12418C0B700B7B13A /* SceneDelegate.swift in Sources */ = {isa = PBXBuildFile; fileRef = 92D8E0E02418C0B700B7B13A /* SceneDelegate.swift */; };
		92D8E0E62418C0B700B7B13A /* Main.storyboard in Resources */ = {isa = PBXBuildFile; fileRef = 92D8E0E42418C0B700B7B13A /* Main.storyboard */; };
		92D8E0E92418C0B700B7B13A /* Weducate.xcdatamodeld in Sources */ = {isa = PBXBuildFile; fileRef = 92D8E0E72418C0B700B7B13A /* Weducate.xcdatamodeld */; };
		92D8E0EB2418C0B800B7B13A /* Assets.xcassets in Resources */ = {isa = PBXBuildFile; fileRef = 92D8E0EA2418C0B800B7B13A /* Assets.xcassets */; };
		92D8E0EE2418C0B800B7B13A /* LaunchScreen.storyboard in Resources */ = {isa = PBXBuildFile; fileRef = 92D8E0EC2418C0B800B7B13A /* LaunchScreen.storyboard */; };
		92D8E0F92418C0B800B7B13A /* WeducateTests.swift in Sources */ = {isa = PBXBuildFile; fileRef = 92D8E0F82418C0B800B7B13A /* WeducateTests.swift */; };
		92D8E1052418C1F100B7B13A /* Highlights.storyboard in Resources */ = {isa = PBXBuildFile; fileRef = 92D8E1042418C1F100B7B13A /* Highlights.storyboard */; };
		92D8E1082418C37500B7B13A /* Majors.storyboard in Resources */ = {isa = PBXBuildFile; fileRef = 92D8E1072418C37500B7B13A /* Majors.storyboard */; };
		92D8E10B2418C41200B7B13A /* Me.storyboard in Resources */ = {isa = PBXBuildFile; fileRef = 92D8E10A2418C41200B7B13A /* Me.storyboard */; };
/* End PBXBuildFile section */

/* Begin PBXContainerItemProxy section */
		92D8E0F52418C0B800B7B13A /* PBXContainerItemProxy */ = {
			isa = PBXContainerItemProxy;
			containerPortal = 92D8E0D32418C0B700B7B13A /* Project object */;
			proxyType = 1;
			remoteGlobalIDString = 92D8E0DA2418C0B700B7B13A;
			remoteInfo = Weducate;
		};
/* End PBXContainerItemProxy section */

/* Begin PBXFileReference section */
		92D67C30241902A300B620FD /* HighlightsViewController.swift */ = {isa = PBXFileReference; lastKnownFileType = sourcecode.swift; path = HighlightsViewController.swift; sourceTree = "<group>"; };
		92D67C3A241914A000B620FD /* HighlightsFeaturedCell.swift */ = {isa = PBXFileReference; lastKnownFileType = sourcecode.swift; path = HighlightsFeaturedCell.swift; sourceTree = "<group>"; };
		92D67C3B241914A000B620FD /* HighlightsFeaturedCell.xib */ = {isa = PBXFileReference; lastKnownFileType = file.xib; path = HighlightsFeaturedCell.xib; sourceTree = "<group>"; };
		92D67C3E2419184E00B620FD /* HighlightsFeaturedCollectionViewCell.swift */ = {isa = PBXFileReference; lastKnownFileType = sourcecode.swift; path = HighlightsFeaturedCollectionViewCell.swift; sourceTree = "<group>"; };
		92D67C3F2419184E00B620FD /* HighlightsFeaturedCollectionViewCell.xib */ = {isa = PBXFileReference; lastKnownFileType = file.xib; path = HighlightsFeaturedCollectionViewCell.xib; sourceTree = "<group>"; };
		92D8E0DB2418C0B700B7B13A /* Weducate.app */ = {isa = PBXFileReference; explicitFileType = wrapper.application; includeInIndex = 0; path = Weducate.app; sourceTree = BUILT_PRODUCTS_DIR; };
		92D8E0DE2418C0B700B7B13A /* AppDelegate.swift */ = {isa = PBXFileReference; lastKnownFileType = sourcecode.swift; path = AppDelegate.swift; sourceTree = "<group>"; };
		92D8E0E02418C0B700B7B13A /* SceneDelegate.swift */ = {isa = PBXFileReference; lastKnownFileType = sourcecode.swift; path = SceneDelegate.swift; sourceTree = "<group>"; };
		92D8E0E52418C0B700B7B13A /* Base */ = {isa = PBXFileReference; lastKnownFileType = file.storyboard; name = Base; path = Base.lproj/Main.storyboard; sourceTree = "<group>"; };
		92D8E0E82418C0B700B7B13A /* Weducate.xcdatamodel */ = {isa = PBXFileReference; lastKnownFileType = wrapper.xcdatamodel; path = Weducate.xcdatamodel; sourceTree = "<group>"; };
		92D8E0EA2418C0B800B7B13A /* Assets.xcassets */ = {isa = PBXFileReference; lastKnownFileType = folder.assetcatalog; path = Assets.xcassets; sourceTree = "<group>"; };
		92D8E0ED2418C0B800B7B13A /* Base */ = {isa = PBXFileReference; lastKnownFileType = file.storyboard; name = Base; path = Base.lproj/LaunchScreen.storyboard; sourceTree = "<group>"; };
		92D8E0EF2418C0B800B7B13A /* Info.plist */ = {isa = PBXFileReference; lastKnownFileType = text.plist.xml; path = Info.plist; sourceTree = "<group>"; };
		92D8E0F42418C0B800B7B13A /* WeducateTests.xctest */ = {isa = PBXFileReference; explicitFileType = wrapper.cfbundle; includeInIndex = 0; path = WeducateTests.xctest; sourceTree = BUILT_PRODUCTS_DIR; };
		92D8E0F82418C0B800B7B13A /* WeducateTests.swift */ = {isa = PBXFileReference; lastKnownFileType = sourcecode.swift; path = WeducateTests.swift; sourceTree = "<group>"; };
		92D8E0FA2418C0B800B7B13A /* Info.plist */ = {isa = PBXFileReference; lastKnownFileType = text.plist.xml; path = Info.plist; sourceTree = "<group>"; };
		92D8E1042418C1F100B7B13A /* Highlights.storyboard */ = {isa = PBXFileReference; lastKnownFileType = file.storyboard; path = Highlights.storyboard; sourceTree = "<group>"; };
		92D8E1072418C37500B7B13A /* Majors.storyboard */ = {isa = PBXFileReference; lastKnownFileType = file.storyboard; path = Majors.storyboard; sourceTree = "<group>"; };
		92D8E10A2418C41200B7B13A /* Me.storyboard */ = {isa = PBXFileReference; lastKnownFileType = file.storyboard; path = Me.storyboard; sourceTree = "<group>"; };
/* End PBXFileReference section */

/* Begin PBXFrameworksBuildPhase section */
		92D8E0D82418C0B700B7B13A /* Frameworks */ = {
			isa = PBXFrameworksBuildPhase;
			buildActionMask = 2147483647;
			files = (
			);
			runOnlyForDeploymentPostprocessing = 0;
		};
		92D8E0F12418C0B800B7B13A /* Frameworks */ = {
			isa = PBXFrameworksBuildPhase;
			buildActionMask = 2147483647;
			files = (
			);
			runOnlyForDeploymentPostprocessing = 0;
		};
/* End PBXFrameworksBuildPhase section */

/* Begin PBXGroup section */
		925AFA092418F42100C33ACC /* application */ = {
			isa = PBXGroup;
			children = (
				92D8E0DE2418C0B700B7B13A /* AppDelegate.swift */,
				92D8E0E02418C0B700B7B13A /* SceneDelegate.swift */,
			);
			path = application;
			sourceTree = "<group>";
		};
		925AFA0A2418F43100C33ACC /* views */ = {
			isa = PBXGroup;
			children = (
				92D8E0EA2418C0B800B7B13A /* Assets.xcassets */,
			);
			path = views;
			sourceTree = "<group>";
		};
		925AFA0B2418F43E00C33ACC /* scenes */ = {
			isa = PBXGroup;
			children = (
				92D8E0EC2418C0B800B7B13A /* LaunchScreen.storyboard */,
				92D8E0E42418C0B700B7B13A /* Main.storyboard */,
				92D8E1032418C1A500B7B13A /* module-highlights */,
				92D8E1062418C34A00B7B13A /* module-majors */,
				92D8E1092418C3F200B7B13A /* module-me */,
			);
			path = scenes;
			sourceTree = "<group>";
		};
		925AFA0C2418F47000C33ACC /* domain */ = {
			isa = PBXGroup;
			children = (
				925AFA0D2418F4C700C33ACC /* models */,
			);
			path = domain;
			sourceTree = "<group>";
		};
		925AFA0D2418F4C700C33ACC /* models */ = {
			isa = PBXGroup;
			children = (
			);
			path = models;
			sourceTree = "<group>";
		};
		92D67C4224191BE500B620FD /* cells */ = {
			isa = PBXGroup;
			children = (
				92D67C3A241914A000B620FD /* HighlightsFeaturedCell.swift */,
				92D67C3B241914A000B620FD /* HighlightsFeaturedCell.xib */,
				92D67C3E2419184E00B620FD /* HighlightsFeaturedCollectionViewCell.swift */,
				92D67C3F2419184E00B620FD /* HighlightsFeaturedCollectionViewCell.xib */,
			);
			path = cells;
			sourceTree = "<group>";
		};
		92D67C4324191BED00B620FD /* highlights-scene */ = {
			isa = PBXGroup;
			children = (
				92D67C30241902A300B620FD /* HighlightsViewController.swift */,
				92D67C4224191BE500B620FD /* cells */,
			);
			path = "highlights-scene";
			sourceTree = "<group>";
		};
		92D8E0D22418C0B700B7B13A = {
			isa = PBXGroup;
			children = (
				92D8E0DD2418C0B700B7B13A /* Weducate */,
				92D8E0F72418C0B800B7B13A /* WeducateTests */,
				92D8E0DC2418C0B700B7B13A /* Products */,
			);
			sourceTree = "<group>";
		};
		92D8E0DC2418C0B700B7B13A /* Products */ = {
			isa = PBXGroup;
			children = (
				92D8E0DB2418C0B700B7B13A /* Weducate.app */,
				92D8E0F42418C0B800B7B13A /* WeducateTests.xctest */,
			);
			name = Products;
			sourceTree = "<group>";
		};
		92D8E0DD2418C0B700B7B13A /* Weducate */ = {
			isa = PBXGroup;
			children = (
				925AFA0C2418F47000C33ACC /* domain */,
				92D8E10C2418C6B400B7B13A /* presentation */,
				925AFA092418F42100C33ACC /* application */,
				92D8E0EF2418C0B800B7B13A /* Info.plist */,
				92D8E0E72418C0B700B7B13A /* Weducate.xcdatamodeld */,
			);
			path = Weducate;
			sourceTree = "<group>";
		};
		92D8E0F72418C0B800B7B13A /* WeducateTests */ = {
			isa = PBXGroup;
			children = (
				92D8E0F82418C0B800B7B13A /* WeducateTests.swift */,
				92D8E0FA2418C0B800B7B13A /* Info.plist */,
			);
			path = WeducateTests;
			sourceTree = "<group>";
		};
		92D8E1032418C1A500B7B13A /* module-highlights */ = {
			isa = PBXGroup;
			children = (
				92D8E1042418C1F100B7B13A /* Highlights.storyboard */,
				92D67C4324191BED00B620FD /* highlights-scene */,
			);
			path = "module-highlights";
			sourceTree = "<group>";
		};
		92D8E1062418C34A00B7B13A /* module-majors */ = {
			isa = PBXGroup;
			children = (
				92D8E1072418C37500B7B13A /* Majors.storyboard */,
			);
			path = "module-majors";
			sourceTree = "<group>";
		};
		92D8E1092418C3F200B7B13A /* module-me */ = {
			isa = PBXGroup;
			children = (
				92D8E10A2418C41200B7B13A /* Me.storyboard */,
			);
			path = "module-me";
			sourceTree = "<group>";
		};
		92D8E10C2418C6B400B7B13A /* presentation */ = {
			isa = PBXGroup;
			children = (
				925AFA0B2418F43E00C33ACC /* scenes */,
				925AFA0A2418F43100C33ACC /* views */,
			);
			path = presentation;
			sourceTree = "<group>";
		};
/* End PBXGroup section */

/* Begin PBXNativeTarget section */
		92D8E0DA2418C0B700B7B13A /* Weducate */ = {
			isa = PBXNativeTarget;
			buildConfigurationList = 92D8E0FD2418C0B800B7B13A /* Build configuration list for PBXNativeTarget "Weducate" */;
			buildPhases = (
				92D8E0D72418C0B700B7B13A /* Sources */,
				92D8E0D82418C0B700B7B13A /* Frameworks */,
				92D8E0D92418C0B700B7B13A /* Resources */,
			);
			buildRules = (
			);
			dependencies = (
			);
			name = Weducate;
			productName = Weducate;
			productReference = 92D8E0DB2418C0B700B7B13A /* Weducate.app */;
			productType = "com.apple.product-type.application";
		};
		92D8E0F32418C0B800B7B13A /* WeducateTests */ = {
			isa = PBXNativeTarget;
			buildConfigurationList = 92D8E1002418C0B800B7B13A /* Build configuration list for PBXNativeTarget "WeducateTests" */;
			buildPhases = (
				92D8E0F02418C0B800B7B13A /* Sources */,
				92D8E0F12418C0B800B7B13A /* Frameworks */,
				92D8E0F22418C0B800B7B13A /* Resources */,
			);
			buildRules = (
			);
			dependencies = (
				92D8E0F62418C0B800B7B13A /* PBXTargetDependency */,
			);
			name = WeducateTests;
			productName = WeducateTests;
			productReference = 92D8E0F42418C0B800B7B13A /* WeducateTests.xctest */;
			productType = "com.apple.product-type.bundle.unit-test";
		};
/* End PBXNativeTarget section */

/* Begin PBXProject section */
		92D8E0D32418C0B700B7B13A /* Project object */ = {
			isa = PBXProject;
			attributes = {
				LastSwiftUpdateCheck = 1130;
				LastUpgradeCheck = 1130;
				ORGANIZATIONNAME = Weducate;
				TargetAttributes = {
					92D8E0DA2418C0B700B7B13A = {
						CreatedOnToolsVersion = 11.3.1;
					};
					92D8E0F32418C0B800B7B13A = {
						CreatedOnToolsVersion = 11.3.1;
						TestTargetID = 92D8E0DA2418C0B700B7B13A;
					};
				};
			};
			buildConfigurationList = 92D8E0D62418C0B700B7B13A /* Build configuration list for PBXProject "Weducate" */;
			compatibilityVersion = "Xcode 9.3";
			developmentRegion = en;
			hasScannedForEncodings = 0;
			knownRegions = (
				en,
				Base,
			);
			mainGroup = 92D8E0D22418C0B700B7B13A;
			productRefGroup = 92D8E0DC2418C0B700B7B13A /* Products */;
			projectDirPath = "";
			projectRoot = "";
			targets = (
				92D8E0DA2418C0B700B7B13A /* Weducate */,
				92D8E0F32418C0B800B7B13A /* WeducateTests */,
			);
		};
/* End PBXProject section */

/* Begin PBXResourcesBuildPhase section */
		92D8E0D92418C0B700B7B13A /* Resources */ = {
			isa = PBXResourcesBuildPhase;
			buildActionMask = 2147483647;
			files = (
				92D8E1082418C37500B7B13A /* Majors.storyboard in Resources */,
				92D8E0EE2418C0B800B7B13A /* LaunchScreen.storyboard in Resources */,
				92D8E10B2418C41200B7B13A /* Me.storyboard in Resources */,
				92D67C412419184E00B620FD /* HighlightsFeaturedCollectionViewCell.xib in Resources */,
				92D67C3D241914A000B620FD /* HighlightsFeaturedCell.xib in Resources */,
				92D8E0EB2418C0B800B7B13A /* Assets.xcassets in Resources */,
				92D8E0E62418C0B700B7B13A /* Main.storyboard in Resources */,
				92D8E1052418C1F100B7B13A /* Highlights.storyboard in Resources */,
			);
			runOnlyForDeploymentPostprocessing = 0;
		};
		92D8E0F22418C0B800B7B13A /* Resources */ = {
			isa = PBXResourcesBuildPhase;
			buildActionMask = 2147483647;
			files = (
			);
			runOnlyForDeploymentPostprocessing = 0;
		};
/* End PBXResourcesBuildPhase section */

/* Begin PBXSourcesBuildPhase section */
		92D8E0D72418C0B700B7B13A /* Sources */ = {
			isa = PBXSourcesBuildPhase;
			buildActionMask = 2147483647;
			files = (
				92D8E0DF2418C0B700B7B13A /* AppDelegate.swift in Sources */,
				92D67C402419184E00B620FD /* HighlightsFeaturedCollectionViewCell.swift in Sources */,
				92D67C3C241914A000B620FD /* HighlightsFeaturedCell.swift in Sources */,
				92D8E0E12418C0B700B7B13A /* SceneDelegate.swift in Sources */,
				92D8E0E92418C0B700B7B13A /* Weducate.xcdatamodeld in Sources */,
				92D67C31241902A300B620FD /* HighlightsViewController.swift in Sources */,
			);
			runOnlyForDeploymentPostprocessing = 0;
		};
		92D8E0F02418C0B800B7B13A /* Sources */ = {
			isa = PBXSourcesBuildPhase;
			buildActionMask = 2147483647;
			files = (
				92D8E0F92418C0B800B7B13A /* WeducateTests.swift in Sources */,
			);
			runOnlyForDeploymentPostprocessing = 0;
		};
/* End PBXSourcesBuildPhase section */

/* Begin PBXTargetDependency section */
		92D8E0F62418C0B800B7B13A /* PBXTargetDependency */ = {
			isa = PBXTargetDependency;
			target = 92D8E0DA2418C0B700B7B13A /* Weducate */;
			targetProxy = 92D8E0F52418C0B800B7B13A /* PBXContainerItemProxy */;
		};
/* End PBXTargetDependency section */

/* Begin PBXVariantGroup section */
		92D8E0E42418C0B700B7B13A /* Main.storyboard */ = {
			isa = PBXVariantGroup;
			children = (
				92D8E0E52418C0B700B7B13A /* Base */,
			);
			name = Main.storyboard;
			sourceTree = "<group>";
		};
		92D8E0EC2418C0B800B7B13A /* LaunchScreen.storyboard */ = {
			isa = PBXVariantGroup;
			children = (
				92D8E0ED2418C0B800B7B13A /* Base */,
			);
			name = LaunchScreen.storyboard;
			sourceTree = "<group>";
		};
/* End PBXVariantGroup section */

/* Begin XCBuildConfiguration section */
		92D8E0FB2418C0B800B7B13A /* Debug */ = {
			isa = XCBuildConfiguration;
			buildSettings = {
				ALWAYS_SEARCH_USER_PATHS = NO;
				CLANG_ANALYZER_NONNULL = YES;
				CLANG_ANALYZER_NUMBER_OBJECT_CONVERSION = YES_AGGRESSIVE;
				CLANG_CXX_LANGUAGE_STANDARD = "gnu++14";
				CLANG_CXX_LIBRARY = "libc++";
				CLANG_ENABLE_MODULES = YES;
				CLANG_ENABLE_OBJC_ARC = YES;
				CLANG_ENABLE_OBJC_WEAK = YES;
				CLANG_WARN_BLOCK_CAPTURE_AUTORELEASING = YES;
				CLANG_WARN_BOOL_CONVERSION = YES;
				CLANG_WARN_COMMA = YES;
				CLANG_WARN_CONSTANT_CONVERSION = YES;
				CLANG_WARN_DEPRECATED_OBJC_IMPLEMENTATIONS = YES;
				CLANG_WARN_DIRECT_OBJC_ISA_USAGE = YES_ERROR;
				CLANG_WARN_DOCUMENTATION_COMMENTS = YES;
				CLANG_WARN_EMPTY_BODY = YES;
				CLANG_WARN_ENUM_CONVERSION = YES;
				CLANG_WARN_INFINITE_RECURSION = YES;
				CLANG_WARN_INT_CONVERSION = YES;
				CLANG_WARN_NON_LITERAL_NULL_CONVERSION = YES;
				CLANG_WARN_OBJC_IMPLICIT_RETAIN_SELF = YES;
				CLANG_WARN_OBJC_LITERAL_CONVERSION = YES;
				CLANG_WARN_OBJC_ROOT_CLASS = YES_ERROR;
				CLANG_WARN_RANGE_LOOP_ANALYSIS = YES;
				CLANG_WARN_STRICT_PROTOTYPES = YES;
				CLANG_WARN_SUSPICIOUS_MOVE = YES;
				CLANG_WARN_UNGUARDED_AVAILABILITY = YES_AGGRESSIVE;
				CLANG_WARN_UNREACHABLE_CODE = YES;
				CLANG_WARN__DUPLICATE_METHOD_MATCH = YES;
				COPY_PHASE_STRIP = NO;
				DEBUG_INFORMATION_FORMAT = dwarf;
				ENABLE_STRICT_OBJC_MSGSEND = YES;
				ENABLE_TESTABILITY = YES;
				GCC_C_LANGUAGE_STANDARD = gnu11;
				GCC_DYNAMIC_NO_PIC = NO;
				GCC_NO_COMMON_BLOCKS = YES;
				GCC_OPTIMIZATION_LEVEL = 0;
				GCC_PREPROCESSOR_DEFINITIONS = (
					"DEBUG=1",
					"$(inherited)",
				);
				GCC_WARN_64_TO_32_BIT_CONVERSION = YES;
				GCC_WARN_ABOUT_RETURN_TYPE = YES_ERROR;
				GCC_WARN_UNDECLARED_SELECTOR = YES;
				GCC_WARN_UNINITIALIZED_AUTOS = YES_AGGRESSIVE;
				GCC_WARN_UNUSED_FUNCTION = YES;
				GCC_WARN_UNUSED_VARIABLE = YES;
				IPHONEOS_DEPLOYMENT_TARGET = 13.2;
				MTL_ENABLE_DEBUG_INFO = INCLUDE_SOURCE;
				MTL_FAST_MATH = YES;
				ONLY_ACTIVE_ARCH = YES;
				SDKROOT = iphoneos;
				SWIFT_ACTIVE_COMPILATION_CONDITIONS = DEBUG;
				SWIFT_OPTIMIZATION_LEVEL = "-Onone";
			};
			name = Debug;
		};
		92D8E0FC2418C0B800B7B13A /* Release */ = {
			isa = XCBuildConfiguration;
			buildSettings = {
				ALWAYS_SEARCH_USER_PATHS = NO;
				CLANG_ANALYZER_NONNULL = YES;
				CLANG_ANALYZER_NUMBER_OBJECT_CONVERSION = YES_AGGRESSIVE;
				CLANG_CXX_LANGUAGE_STANDARD = "gnu++14";
				CLANG_CXX_LIBRARY = "libc++";
				CLANG_ENABLE_MODULES = YES;
				CLANG_ENABLE_OBJC_ARC = YES;
				CLANG_ENABLE_OBJC_WEAK = YES;
				CLANG_WARN_BLOCK_CAPTURE_AUTORELEASING = YES;
				CLANG_WARN_BOOL_CONVERSION = YES;
				CLANG_WARN_COMMA = YES;
				CLANG_WARN_CONSTANT_CONVERSION = YES;
				CLANG_WARN_DEPRECATED_OBJC_IMPLEMENTATIONS = YES;
				CLANG_WARN_DIRECT_OBJC_ISA_USAGE = YES_ERROR;
				CLANG_WARN_DOCUMENTATION_COMMENTS = YES;
				CLANG_WARN_EMPTY_BODY = YES;
				CLANG_WARN_ENUM_CONVERSION = YES;
				CLANG_WARN_INFINITE_RECURSION = YES;
				CLANG_WARN_INT_CONVERSION = YES;
				CLANG_WARN_NON_LITERAL_NULL_CONVERSION = YES;
				CLANG_WARN_OBJC_IMPLICIT_RETAIN_SELF = YES;
				CLANG_WARN_OBJC_LITERAL_CONVERSION = YES;
				CLANG_WARN_OBJC_ROOT_CLASS = YES_ERROR;
				CLANG_WARN_RANGE_LOOP_ANALYSIS = YES;
				CLANG_WARN_STRICT_PROTOTYPES = YES;
				CLANG_WARN_SUSPICIOUS_MOVE = YES;
				CLANG_WARN_UNGUARDED_AVAILABILITY = YES_AGGRESSIVE;
				CLANG_WARN_UNREACHABLE_CODE = YES;
				CLANG_WARN__DUPLICATE_METHOD_MATCH = YES;
				COPY_PHASE_STRIP = NO;
				DEBUG_INFORMATION_FORMAT = "dwarf-with-dsym";
				ENABLE_NS_ASSERTIONS = NO;
				ENABLE_STRICT_OBJC_MSGSEND = YES;
				GCC_C_LANGUAGE_STANDARD = gnu11;
				GCC_NO_COMMON_BLOCKS = YES;
				GCC_WARN_64_TO_32_BIT_CONVERSION = YES;
				GCC_WARN_ABOUT_RETURN_TYPE = YES_ERROR;
				GCC_WARN_UNDECLARED_SELECTOR = YES;
				GCC_WARN_UNINITIALIZED_AUTOS = YES_AGGRESSIVE;
				GCC_WARN_UNUSED_FUNCTION = YES;
				GCC_WARN_UNUSED_VARIABLE = YES;
				IPHONEOS_DEPLOYMENT_TARGET = 13.2;
				MTL_ENABLE_DEBUG_INFO = NO;
				MTL_FAST_MATH = YES;
				SDKROOT = iphoneos;
				SWIFT_COMPILATION_MODE = wholemodule;
				SWIFT_OPTIMIZATION_LEVEL = "-O";
				VALIDATE_PRODUCT = YES;
			};
			name = Release;
		};
		92D8E0FE2418C0B800B7B13A /* Debug */ = {
			isa = XCBuildConfiguration;
			buildSettings = {
				ASSETCATALOG_COMPILER_APPICON_NAME = AppIcon;
				CODE_SIGN_STYLE = Automatic;
				DEVELOPMENT_TEAM = V6T249GHKX;
				INFOPLIST_FILE = Weducate/Info.plist;
				LD_RUNPATH_SEARCH_PATHS = (
					"$(inherited)",
					"@executable_path/Frameworks",
				);
				PRODUCT_BUNDLE_IDENTIFIER = id.weducate.Weducate;
				PRODUCT_NAME = "$(TARGET_NAME)";
				SWIFT_VERSION = 5.0;
				TARGETED_DEVICE_FAMILY = "1,2";
			};
			name = Debug;
		};
		92D8E0FF2418C0B800B7B13A /* Release */ = {
			isa = XCBuildConfiguration;
			buildSettings = {
				ASSETCATALOG_COMPILER_APPICON_NAME = AppIcon;
				CODE_SIGN_STYLE = Automatic;
				DEVELOPMENT_TEAM = V6T249GHKX;
				INFOPLIST_FILE = Weducate/Info.plist;
				LD_RUNPATH_SEARCH_PATHS = (
					"$(inherited)",
					"@executable_path/Frameworks",
				);
				PRODUCT_BUNDLE_IDENTIFIER = id.weducate.Weducate;
				PRODUCT_NAME = "$(TARGET_NAME)";
				SWIFT_VERSION = 5.0;
				TARGETED_DEVICE_FAMILY = "1,2";
			};
			name = Release;
		};
		92D8E1012418C0B800B7B13A /* Debug */ = {
			isa = XCBuildConfiguration;
			buildSettings = {
				ALWAYS_EMBED_SWIFT_STANDARD_LIBRARIES = YES;
				BUNDLE_LOADER = "$(TEST_HOST)";
				CODE_SIGN_STYLE = Automatic;
				DEVELOPMENT_TEAM = V6T249GHKX;
				INFOPLIST_FILE = WeducateTests/Info.plist;
				IPHONEOS_DEPLOYMENT_TARGET = 13.2;
				LD_RUNPATH_SEARCH_PATHS = (
					"$(inherited)",
					"@executable_path/Frameworks",
					"@loader_path/Frameworks",
				);
				PRODUCT_BUNDLE_IDENTIFIER = id.weducate.WeducateTests;
				PRODUCT_NAME = "$(TARGET_NAME)";
				SWIFT_VERSION = 5.0;
				TARGETED_DEVICE_FAMILY = "1,2";
				TEST_HOST = "$(BUILT_PRODUCTS_DIR)/Weducate.app/Weducate";
			};
			name = Debug;
		};
		92D8E1022418C0B800B7B13A /* Release */ = {
			isa = XCBuildConfiguration;
			buildSettings = {
				ALWAYS_EMBED_SWIFT_STANDARD_LIBRARIES = YES;
				BUNDLE_LOADER = "$(TEST_HOST)";
				CODE_SIGN_STYLE = Automatic;
				DEVELOPMENT_TEAM = V6T249GHKX;
				INFOPLIST_FILE = WeducateTests/Info.plist;
				IPHONEOS_DEPLOYMENT_TARGET = 13.2;
				LD_RUNPATH_SEARCH_PATHS = (
					"$(inherited)",
					"@executable_path/Frameworks",
					"@loader_path/Frameworks",
				);
				PRODUCT_BUNDLE_IDENTIFIER = id.weducate.WeducateTests;
				PRODUCT_NAME = "$(TARGET_NAME)";
				SWIFT_VERSION = 5.0;
				TARGETED_DEVICE_FAMILY = "1,2";
				TEST_HOST = "$(BUILT_PRODUCTS_DIR)/Weducate.app/Weducate";
			};
			name = Release;
		};
/* End XCBuildConfiguration section */

/* Begin XCConfigurationList section */
		92D8E0D62418C0B700B7B13A /* Build configuration list for PBXProject "Weducate" */ = {
			isa = XCConfigurationList;
			buildConfigurations = (
				92D8E0FB2418C0B800B7B13A /* Debug */,
				92D8E0FC2418C0B800B7B13A /* Release */,
			);
			defaultConfigurationIsVisible = 0;
			defaultConfigurationName = Release;
		};
		92D8E0FD2418C0B800B7B13A /* Build configuration list for PBXNativeTarget "Weducate" */ = {
			isa = XCConfigurationList;
			buildConfigurations = (
				92D8E0FE2418C0B800B7B13A /* Debug */,
				92D8E0FF2418C0B800B7B13A /* Release */,
			);
			defaultConfigurationIsVisible = 0;
			defaultConfigurationName = Release;
		};
		92D8E1002418C0B800B7B13A /* Build configuration list for PBXNativeTarget "WeducateTests" */ = {
			isa = XCConfigurationList;
			buildConfigurations = (
				92D8E1012418C0B800B7B13A /* Debug */,
				92D8E1022418C0B800B7B13A /* Release */,
			);
			defaultConfigurationIsVisible = 0;
			defaultConfigurationName = Release;
		};
/* End XCConfigurationList section */

/* Begin XCVersionGroup section */
		92D8E0E72418C0B700B7B13A /* Weducate.xcdatamodeld */ = {
			isa = XCVersionGroup;
			children = (
				92D8E0E82418C0B700B7B13A /* Weducate.xcdatamodel */,
			);
			currentVersion = 92D8E0E82418C0B700B7B13A /* Weducate.xcdatamodel */;
			path = Weducate.xcdatamodeld;
			sourceTree = "<group>";
			versionGroupType = wrapper.xcdatamodel;
		};
/* End XCVersionGroup section */
	};
	rootObject = 92D8E0D32418C0B700B7B13A /* Project object */;
}
